// !$*UTF8*$!
{
	archiveVersion = 1;
	classes = {
	};
	objectVersion = 46;
	objects = {

/* Begin PBXBuildFile section */
		1EDBDC8F1CEF42D4003587F9 /* main.m in Sources */ = {isa = PBXBuildFile; fileRef = 1EDBDC8E1CEF42D4003587F9 /* main.m */; };
		1EDBDC921CEF42D4003587F9 /* AppDelegate.m in Sources */ = {isa = PBXBuildFile; fileRef = 1EDBDC911CEF42D4003587F9 /* AppDelegate.m */; };
		1EDBDC981CEF42D4003587F9 /* Main.storyboard in Resources */ = {isa = PBXBuildFile; fileRef = 1EDBDC961CEF42D4003587F9 /* Main.storyboard */; };
		1EDBDC9A1CEF42D4003587F9 /* Assets.xcassets in Resources */ = {isa = PBXBuildFile; fileRef = 1EDBDC991CEF42D4003587F9 /* Assets.xcassets */; };
		1EDBDC9D1CEF42D4003587F9 /* LaunchScreen.storyboard in Resources */ = {isa = PBXBuildFile; fileRef = 1EDBDC9B1CEF42D4003587F9 /* LaunchScreen.storyboard */; };
		1EDBDCA91CEF4DB5003587F9 /* DecorationCollectionVC.m in Sources */ = {isa = PBXBuildFile; fileRef = 1EDBDCA81CEF4DB5003587F9 /* DecorationCollectionVC.m */; };
		1EDBDCAC1CEF4EB5003587F9 /* SineCollectionVC.m in Sources */ = {isa = PBXBuildFile; fileRef = 1EDBDCAB1CEF4EB5003587F9 /* SineCollectionVC.m */; };
		1EDBDCAF1CEF4F63003587F9 /* DecorationCollectionReusableView.m in Sources */ = {isa = PBXBuildFile; fileRef = 1EDBDCAE1CEF4F63003587F9 /* DecorationCollectionReusableView.m */; };
		1EF0F2811CF04D3600627BBF /* SineCustomLayout.m in Sources */ = {isa = PBXBuildFile; fileRef = 1EF0F2801CF04D3600627BBF /* SineCustomLayout.m */; };
		1EF4544B1CF08830002E6F04 /* BasicCollectionVC.m in Sources */ = {isa = PBXBuildFile; fileRef = 1EF4544A1CF08830002E6F04 /* BasicCollectionVC.m */; };
		1EF4544F1CF0ADEB002E6F04 /* AnimatingFlowLayout.m in Sources */ = {isa = PBXBuildFile; fileRef = 1EF4544E1CF0ADEB002E6F04 /* AnimatingFlowLayout.m */; };
		1EF454531CF0AE30002E6F04 /* AnimatingCollectionVC.m in Sources */ = {isa = PBXBuildFile; fileRef = 1EF454521CF0AE30002E6F04 /* AnimatingCollectionVC.m */; };
		1EFA1A7C1CEFDE9D00A24821 /* GCPhotoLibraryManager.m in Sources */ = {isa = PBXBuildFile; fileRef = 1EFA1A7B1CEFDE9D00A24821 /* GCPhotoLibraryManager.m */; };
		1EFA1A7E1CEFF0BD00A24821 /* AssetsLibrary.framework in Frameworks */ = {isa = PBXBuildFile; fileRef = 1EFA1A7D1CEFF0BD00A24821 /* AssetsLibrary.framework */; };
		1EFA1A811CEFF6D100A24821 /* DecorationFlowLayout.m in Sources */ = {isa = PBXBuildFile; fileRef = 1EFA1A801CEFF6D100A24821 /* DecorationFlowLayout.m */; };
/* End PBXBuildFile section */

/* Begin PBXFileReference section */
		1EDBDC8A1CEF42D3003587F9 /* UICollectionView-Chapter20.app */ = {isa = PBXFileReference; explicitFileType = wrapper.application; includeInIndex = 0; path = "UICollectionView-Chapter20.app"; sourceTree = BUILT_PRODUCTS_DIR; };
		1EDBDC8E1CEF42D4003587F9 /* main.m */ = {isa = PBXFileReference; lastKnownFileType = sourcecode.c.objc; path = main.m; sourceTree = "<group>"; };
		1EDBDC901CEF42D4003587F9 /* AppDelegate.h */ = {isa = PBXFileReference; lastKnownFileType = sourcecode.c.h; path = AppDelegate.h; sourceTree = "<group>"; };
		1EDBDC911CEF42D4003587F9 /* AppDelegate.m */ = {isa = PBXFileReference; lastKnownFileType = sourcecode.c.objc; path = AppDelegate.m; sourceTree = "<group>"; };
		1EDBDC971CEF42D4003587F9 /* Base */ = {isa = PBXFileReference; lastKnownFileType = file.storyboard; name = Base; path = Base.lproj/Main.storyboard; sourceTree = "<group>"; };
		1EDBDC991CEF42D4003587F9 /* Assets.xcassets */ = {isa = PBXFileReference; lastKnownFileType = folder.assetcatalog; path = Assets.xcassets; sourceTree = "<group>"; };
		1EDBDC9C1CEF42D4003587F9 /* Base */ = {isa = PBXFileReference; lastKnownFileType = file.storyboard; name = Base; path = Base.lproj/LaunchScreen.storyboard; sourceTree = "<group>"; };
		1EDBDC9E1CEF42D4003587F9 /* Info.plist */ = {isa = PBXFileReference; lastKnownFileType = text.plist.xml; path = Info.plist; sourceTree = "<group>"; };
		1EDBDCA71CEF4DB5003587F9 /* DecorationCollectionVC.h */ = {isa = PBXFileReference; fileEncoding = 4; lastKnownFileType = sourcecode.c.h; path = DecorationCollectionVC.h; sourceTree = "<group>"; };
		1EDBDCA81CEF4DB5003587F9 /* DecorationCollectionVC.m */ = {isa = PBXFileReference; fileEncoding = 4; lastKnownFileType = sourcecode.c.objc; path = DecorationCollectionVC.m; sourceTree = "<group>"; };
		1EDBDCAA1CEF4EB5003587F9 /* SineCollectionVC.h */ = {isa = PBXFileReference; fileEncoding = 4; lastKnownFileType = sourcecode.c.h; path = SineCollectionVC.h; sourceTree = "<group>"; };
		1EDBDCAB1CEF4EB5003587F9 /* SineCollectionVC.m */ = {isa = PBXFileReference; fileEncoding = 4; lastKnownFileType = sourcecode.c.objc; path = SineCollectionVC.m; sourceTree = "<group>"; };
		1EDBDCAD1CEF4F63003587F9 /* DecorationCollectionReusableView.h */ = {isa = PBXFileReference; fileEncoding = 4; lastKnownFileType = sourcecode.c.h; path = DecorationCollectionReusableView.h; sourceTree = "<group>"; };
		1EDBDCAE1CEF4F63003587F9 /* DecorationCollectionReusableView.m */ = {isa = PBXFileReference; fileEncoding = 4; lastKnownFileType = sourcecode.c.objc; path = DecorationCollectionReusableView.m; sourceTree = "<group>"; };
		1EF0F27F1CF04D3600627BBF /* SineCustomLayout.h */ = {isa = PBXFileReference; fileEncoding = 4; lastKnownFileType = sourcecode.c.h; path = SineCustomLayout.h; sourceTree = "<group>"; };
		1EF0F2801CF04D3600627BBF /* SineCustomLayout.m */ = {isa = PBXFileReference; fileEncoding = 4; lastKnownFileType = sourcecode.c.objc; path = SineCustomLayout.m; sourceTree = "<group>"; };
		1EF454491CF08830002E6F04 /* BasicCollectionVC.h */ = {isa = PBXFileReference; fileEncoding = 4; lastKnownFileType = sourcecode.c.h; path = BasicCollectionVC.h; sourceTree = "<group>"; };
		1EF4544A1CF08830002E6F04 /* BasicCollectionVC.m */ = {isa = PBXFileReference; fileEncoding = 4; lastKnownFileType = sourcecode.c.objc; path = BasicCollectionVC.m; sourceTree = "<group>"; };
		1EF4544D1CF0ADEB002E6F04 /* AnimatingFlowLayout.h */ = {isa = PBXFileReference; fileEncoding = 4; lastKnownFileType = sourcecode.c.h; path = AnimatingFlowLayout.h; sourceTree = "<group>"; };
		1EF4544E1CF0ADEB002E6F04 /* AnimatingFlowLayout.m */ = {isa = PBXFileReference; fileEncoding = 4; lastKnownFileType = sourcecode.c.objc; path = AnimatingFlowLayout.m; sourceTree = "<group>"; };
		1EF454511CF0AE30002E6F04 /* AnimatingCollectionVC.h */ = {isa = PBXFileReference; fileEncoding = 4; lastKnownFileType = sourcecode.c.h; path = AnimatingCollectionVC.h; sourceTree = "<group>"; };
		1EF454521CF0AE30002E6F04 /* AnimatingCollectionVC.m */ = {isa = PBXFileReference; fileEncoding = 4; lastKnownFileType = sourcecode.c.objc; path = AnimatingCollectionVC.m; sourceTree = "<group>"; };
		1EFA1A7A1CEFDE9D00A24821 /* GCPhotoLibraryManager.h */ = {isa = PBXFileReference; fileEncoding = 4; lastKnownFileType = sourcecode.c.h; path = GCPhotoLibraryManager.h; sourceTree = "<group>"; };
		1EFA1A7B1CEFDE9D00A24821 /* GCPhotoLibraryManager.m */ = {isa = PBXFileReference; fileEncoding = 4; lastKnownFileType = sourcecode.c.objc; path = GCPhotoLibraryManager.m; sourceTree = "<group>"; };
		1EFA1A7D1CEFF0BD00A24821 /* AssetsLibrary.framework */ = {isa = PBXFileReference; lastKnownFileType = wrapper.framework; name = AssetsLibrary.framework; path = System/Library/Frameworks/AssetsLibrary.framework; sourceTree = SDKROOT; };
		1EFA1A7F1CEFF6D100A24821 /* DecorationFlowLayout.h */ = {isa = PBXFileReference; fileEncoding = 4; lastKnownFileType = sourcecode.c.h; path = DecorationFlowLayout.h; sourceTree = "<group>"; };
		1EFA1A801CEFF6D100A24821 /* DecorationFlowLayout.m */ = {isa = PBXFileReference; fileEncoding = 4; lastKnownFileType = sourcecode.c.objc; path = DecorationFlowLayout.m; sourceTree = "<group>"; };
/* End PBXFileReference section */

/* Begin PBXFrameworksBuildPhase section */
		1EDBDC871CEF42D3003587F9 /* Frameworks */ = {
			isa = PBXFrameworksBuildPhase;
			buildActionMask = 2147483647;
			files = (
				1EFA1A7E1CEFF0BD00A24821 /* AssetsLibrary.framework in Frameworks */,
			);
			runOnlyForDeploymentPostprocessing = 0;
		};
/* End PBXFrameworksBuildPhase section */

/* Begin PBXGroup section */
		1EDBDC811CEF42D3003587F9 = {
			isa = PBXGroup;
			children = (
				1EFA1A7D1CEFF0BD00A24821 /* AssetsLibrary.framework */,
				1EDBDC8C1CEF42D4003587F9 /* UICollectionView-Chapter20 */,
				1EDBDC8B1CEF42D3003587F9 /* Products */,
			);
			sourceTree = "<group>";
		};
		1EDBDC8B1CEF42D3003587F9 /* Products */ = {
			isa = PBXGroup;
			children = (
				1EDBDC8A1CEF42D3003587F9 /* UICollectionView-Chapter20.app */,
			);
			name = Products;
			sourceTree = "<group>";
		};
		1EDBDC8C1CEF42D4003587F9 /* UICollectionView-Chapter20 */ = {
			isa = PBXGroup;
			children = (
				1EDBDC901CEF42D4003587F9 /* AppDelegate.h */,
				1EDBDC911CEF42D4003587F9 /* AppDelegate.m */,
				1EFA1A7A1CEFDE9D00A24821 /* GCPhotoLibraryManager.h */,
				1EFA1A7B1CEFDE9D00A24821 /* GCPhotoLibraryManager.m */,
				1EDBDC961CEF42D4003587F9 /* Main.storyboard */,
				1EF4544C1CF0883A002E6F04 /* Basic Without Layout */,
				1EF0F27E1CF046D000627BBF /* Decoration Flow Layout */,
				1EF454501CF0ADF5002E6F04 /* Animating Flow Layout */,
				1EF0F2821CF0592100627BBF /* Sine Custom Layout With Gesture Recognizer */,
				1EDBDC991CEF42D4003587F9 /* Assets.xcassets */,
				1EDBDC9B1CEF42D4003587F9 /* LaunchScreen.storyboard */,
				1EDBDC9E1CEF42D4003587F9 /* Info.plist */,
				1EDBDC8D1CEF42D4003587F9 /* Supporting Files */,
			);
			path = "UICollectionView-Chapter20";
			sourceTree = "<group>";
		};
		1EDBDC8D1CEF42D4003587F9 /* Supporting Files */ = {
			isa = PBXGroup;
			children = (
				1EDBDC8E1CEF42D4003587F9 /* main.m */,
			);
			name = "Supporting Files";
			sourceTree = "<group>";
		};
		1EF0F27E1CF046D000627BBF /* Decoration Flow Layout */ = {
			isa = PBXGroup;
			children = (
				1EDBDCA71CEF4DB5003587F9 /* DecorationCollectionVC.h */,
				1EDBDCA81CEF4DB5003587F9 /* DecorationCollectionVC.m */,
				1EFA1A7F1CEFF6D100A24821 /* DecorationFlowLayout.h */,
				1EFA1A801CEFF6D100A24821 /* DecorationFlowLayout.m */,
				1EDBDCAD1CEF4F63003587F9 /* DecorationCollectionReusableView.h */,
				1EDBDCAE1CEF4F63003587F9 /* DecorationCollectionReusableView.m */,
			);
			name = "Decoration Flow Layout";
			sourceTree = "<group>";
		};
		1EF0F2821CF0592100627BBF /* Sine Custom Layout With Gesture Recognizer */ = {
			isa = PBXGroup;
			children = (
				1EDBDCAA1CEF4EB5003587F9 /* SineCollectionVC.h */,
				1EDBDCAB1CEF4EB5003587F9 /* SineCollectionVC.m */,
				1EF0F27F1CF04D3600627BBF /* SineCustomLayout.h */,
				1EF0F2801CF04D3600627BBF /* SineCustomLayout.m */,
			);
			name = "Sine Custom Layout With Gesture Recognizer";
			sourceTree = "<group>";
		};
		1EF4544C1CF0883A002E6F04 /* Basic Without Layout */ = {
			isa = PBXGroup;
			children = (
				1EF454491CF08830002E6F04 /* BasicCollectionVC.h */,
				1EF4544A1CF08830002E6F04 /* BasicCollectionVC.m */,
			);
			name = "Basic Without Layout";
			sourceTree = "<group>";
		};
		1EF454501CF0ADF5002E6F04 /* Animating Flow Layout */ = {
			isa = PBXGroup;
			children = (
				1EF454511CF0AE30002E6F04 /* AnimatingCollectionVC.h */,
				1EF454521CF0AE30002E6F04 /* AnimatingCollectionVC.m */,
				1EF4544D1CF0ADEB002E6F04 /* AnimatingFlowLayout.h */,
				1EF4544E1CF0ADEB002E6F04 /* AnimatingFlowLayout.m */,
			);
			name = "Animating Flow Layout";
			sourceTree = "<group>";
		};
/* End PBXGroup section */

/* Begin PBXNativeTarget section */
		1EDBDC891CEF42D3003587F9 /* UICollectionView-Chapter20 */ = {
			isa = PBXNativeTarget;
			buildConfigurationList = 1EDBDCA11CEF42D4003587F9 /* Build configuration list for PBXNativeTarget "UICollectionView-Chapter20" */;
			buildPhases = (
				1EDBDC861CEF42D3003587F9 /* Sources */,
				1EDBDC871CEF42D3003587F9 /* Frameworks */,
				1EDBDC881CEF42D3003587F9 /* Resources */,
			);
			buildRules = (
			);
			dependencies = (
			);
			name = "UICollectionView-Chapter20";
			productName = "UICollectionView-Chapter20";
			productReference = 1EDBDC8A1CEF42D3003587F9 /* UICollectionView-Chapter20.app */;
			productType = "com.apple.product-type.application";
		};
/* End PBXNativeTarget section */

/* Begin PBXProject section */
		1EDBDC821CEF42D3003587F9 /* Project object */ = {
			isa = PBXProject;
			attributes = {
				LastUpgradeCheck = 0720;
				ORGANIZATIONNAME = ZhangBaoGuo;
				TargetAttributes = {
					1EDBDC891CEF42D3003587F9 = {
						CreatedOnToolsVersion = 7.2;
					};
				};
			};
			buildConfigurationList = 1EDBDC851CEF42D3003587F9 /* Build configuration list for PBXProject "UICollectionView-Chapter20" */;
			compatibilityVersion = "Xcode 3.2";
			developmentRegion = English;
			hasScannedForEncodings = 0;
			knownRegions = (
				en,
				Base,
			);
			mainGroup = 1EDBDC811CEF42D3003587F9;
			productRefGroup = 1EDBDC8B1CEF42D3003587F9 /* Products */;
			projectDirPath = "";
			projectRoot = "";
			targets = (
				1EDBDC891CEF42D3003587F9 /* UICollectionView-Chapter20 */,
			);
		};
/* End PBXProject section */

/* Begin PBXResourcesBuildPhase section */
		1EDBDC881CEF42D3003587F9 /* Resources */ = {
			isa = PBXResourcesBuildPhase;
			buildActionMask = 2147483647;
			files = (
				1EDBDC9D1CEF42D4003587F9 /* LaunchScreen.storyboard in Resources */,
				1EDBDC9A1CEF42D4003587F9 /* Assets.xcassets in Resources */,
				1EDBDC981CEF42D4003587F9 /* Main.storyboard in Resources */,
			);
			runOnlyForDeploymentPostprocessing = 0;
		};
/* End PBXResourcesBuildPhase section */

/* Begin PBXSourcesBuildPhase section */
		1EDBDC861CEF42D3003587F9 /* Sources */ = {
			isa = PBXSourcesBuildPhase;
			buildActionMask = 2147483647;
			files = (
				1EF0F2811CF04D3600627BBF /* SineCustomLayout.m in Sources */,
				1EDBDCA91CEF4DB5003587F9 /* DecorationCollectionVC.m in Sources */,
				1EDBDCAF1CEF4F63003587F9 /* DecorationCollectionReusableView.m in Sources */,
				1EF4544B1CF08830002E6F04 /* BasicCollectionVC.m in Sources */,
				1EDBDC921CEF42D4003587F9 /* AppDelegate.m in Sources */,
				1EDBDCAC1CEF4EB5003587F9 /* SineCollectionVC.m in Sources */,
				1EDBDC8F1CEF42D4003587F9 /* main.m in Sources */,
				1EFA1A7C1CEFDE9D00A24821 /* GCPhotoLibraryManager.m in Sources */,
				1EF4544F1CF0ADEB002E6F04 /* AnimatingFlowLayout.m in Sources */,
				1EF454531CF0AE30002E6F04 /* AnimatingCollectionVC.m in Sources */,
				1EFA1A811CEFF6D100A24821 /* DecorationFlowLayout.m in Sources */,
			);
			runOnlyForDeploymentPostprocessing = 0;
		};
/* End PBXSourcesBuildPhase section */

/* Begin PBXVariantGroup section */
		1EDBDC961CEF42D4003587F9 /* Main.storyboard */ = {
			isa = PBXVariantGroup;
			children = (
				1EDBDC971CEF42D4003587F9 /* Base */,
			);
			name = Main.storyboard;
			sourceTree = "<group>";
		};
		1EDBDC9B1CEF42D4003587F9 /* LaunchScreen.storyboard */ = {
			isa = PBXVariantGroup;
			children = (
				1EDBDC9C1CEF42D4003587F9 /* Base */,
			);
			name = LaunchScreen.storyboard;
			sourceTree = "<group>";
		};
/* End PBXVariantGroup section */

/* Begin XCBuildConfiguration section */
		1EDBDC9F1CEF42D4003587F9 /* Debug */ = {
			isa = XCBuildConfiguration;
			buildSettings = {
				ALWAYS_SEARCH_USER_PATHS = NO;
				CLANG_CXX_LANGUAGE_STANDARD = "gnu++0x";
				CLANG_CXX_LIBRARY = "libc++";
				CLANG_ENABLE_MODULES = YES;
				CLANG_ENABLE_OBJC_ARC = YES;
				CLANG_WARN_BOOL_CONVERSION = YES;
				CLANG_WARN_CONSTANT_CONVERSION = YES;
				CLANG_WARN_DIRECT_OBJC_ISA_USAGE = YES_ERROR;
				CLANG_WARN_EMPTY_BODY = YES;
				CLANG_WARN_ENUM_CONVERSION = YES;
				CLANG_WARN_INT_CONVERSION = YES;
				CLANG_WARN_OBJC_ROOT_CLASS = YES_ERROR;
				CLANG_WARN_UNREACHABLE_CODE = YES;
				CLANG_WARN__DUPLICATE_METHOD_MATCH = YES;
				"CODE_SIGN_IDENTITY[sdk=iphoneos*]" = "iPhone Developer";
				COPY_PHASE_STRIP = NO;
				DEBUG_INFORMATION_FORMAT = dwarf;
				ENABLE_STRICT_OBJC_MSGSEND = YES;
				ENABLE_TESTABILITY = YES;
				GCC_C_LANGUAGE_STANDARD = gnu99;
				GCC_DYNAMIC_NO_PIC = NO;
				GCC_NO_COMMON_BLOCKS = YES;
				GCC_OPTIMIZATION_LEVEL = 0;
				GCC_PREPROCESSOR_DEFINITIONS = (
					"DEBUG=1",
					"$(inherited)",
				);
				GCC_WARN_64_TO_32_BIT_CONVERSION = YES;
				GCC_WARN_ABOUT_RETURN_TYPE = YES_ERROR;
				GCC_WARN_UNDECLARED_SELECTOR = YES;
				GCC_WARN_UNINITIALIZED_AUTOS = YES_AGGRESSIVE;
				GCC_WARN_UNUSED_FUNCTION = YES;
				GCC_WARN_UNUSED_VARIABLE = YES;
				IPHONEOS_DEPLOYMENT_TARGET = 9.2;
				MTL_ENABLE_DEBUG_INFO = YES;
				ONLY_ACTIVE_ARCH = YES;
				SDKROOT = iphoneos;
				TARGETED_DEVICE_FAMILY = "1,2";
			};
			name = Debug;
		};
		1EDBDCA01CEF42D4003587F9 /* Release */ = {
			isa = XCBuildConfiguration;
			buildSettings = {
				ALWAYS_SEARCH_USER_PATHS = NO;
				CLANG_CXX_LANGUAGE_STANDARD = "gnu++0x";
				CLANG_CXX_LIBRARY = "libc++";
				CLANG_ENABLE_MODULES = YES;
				CLANG_ENABLE_OBJC_ARC = YES;
				CLANG_WARN_BOOL_CONVERSION = YES;
				CLANG_WARN_CONSTANT_CONVERSION = YES;
				CLANG_WARN_DIRECT_OBJC_ISA_USAGE = YES_ERROR;
				CLANG_WARN_EMPTY_BODY = YES;
				CLANG_WARN_ENUM_CONVERSION = YES;
				CLANG_WARN_INT_CONVERSION = YES;
				CLANG_WARN_OBJC_ROOT_CLASS = YES_ERROR;
				CLANG_WARN_UNREACHABLE_CODE = YES;
				CLANG_WARN__DUPLICATE_METHOD_MATCH = YES;
				"CODE_SIGN_IDENTITY[sdk=iphoneos*]" = "iPhone Developer";
				COPY_PHASE_STRIP = NO;
				DEBUG_INFORMATION_FORMAT = "dwarf-with-dsym";
				ENABLE_NS_ASSERTIONS = NO;
				ENABLE_STRICT_OBJC_MSGSEND = YES;
				GCC_C_LANGUAGE_STANDARD = gnu99;
				GCC_NO_COMMON_BLOCKS = YES;
				GCC_WARN_64_TO_32_BIT_CONVERSION = YES;
				GCC_WARN_ABOUT_RETURN_TYPE = YES_ERROR;
				GCC_WARN_UNDECLARED_SELECTOR = YES;
				GCC_WARN_UNINITIALIZED_AUTOS = YES_AGGRESSIVE;
				GCC_WARN_UNUSED_FUNCTION = YES;
				GCC_WARN_UNUSED_VARIABLE = YES;
				IPHONEOS_DEPLOYMENT_TARGET = 9.2;
				MTL_ENABLE_DEBUG_INFO = NO;
				SDKROOT = iphoneos;
				TARGETED_DEVICE_FAMILY = "1,2";
				VALIDATE_PRODUCT = YES;
			};
			name = Release;
		};
		1EDBDCA21CEF42D4003587F9 /* Debug */ = {
			isa = XCBuildConfiguration;
			buildSettings = {
				ASSETCATALOG_COMPILER_APPICON_NAME = AppIcon;
				INFOPLIST_FILE = "UICollectionView-Chapter20/Info.plist";
				IPHONEOS_DEPLOYMENT_TARGET = 8.0;
				LD_RUNPATH_SEARCH_PATHS = "$(inherited) @executable_path/Frameworks";
				PRODUCT_BUNDLE_IDENTIFIER = "com.ZhangBaoGuo.UICollectionView-Chapter20";
				PRODUCT_NAME = "$(TARGET_NAME)";
			};
			name = Debug;
		};
		1EDBDCA31CEF42D4003587F9 /* Release */ = {
			isa = XCBuildConfiguration;
			buildSettings = {
				ASSETCATALOG_COMPILER_APPICON_NAME = AppIcon;
				INFOPLIST_FILE = "UICollectionView-Chapter20/Info.plist";
				IPHONEOS_DEPLOYMENT_TARGET = 8.0;
				LD_RUNPATH_SEARCH_PATHS = "$(inherited) @executable_path/Frameworks";
				PRODUCT_BUNDLE_IDENTIFIER = "com.ZhangBaoGuo.UICollectionView-Chapter20";
				PRODUCT_NAME = "$(TARGET_NAME)";
			};
			name = Release;
		};
/* End XCBuildConfiguration section */

/* Begin XCConfigurationList section */
		1EDBDC851CEF42D3003587F9 /* Build configuration list for PBXProject "UICollectionView-Chapter20" */ = {
			isa = XCConfigurationList;
			buildConfigurations = (
				1EDBDC9F1CEF42D4003587F9 /* Debug */,
				1EDBDCA01CEF42D4003587F9 /* Release */,
			);
			defaultConfigurationIsVisible = 0;
			defaultConfigurationName = Release;
		};
		1EDBDCA11CEF42D4003587F9 /* Build configuration list for PBXNativeTarget "UICollectionView-Chapter20" */ = {
			isa = XCConfigurationList;
			buildConfigurations = (
				1EDBDCA21CEF42D4003587F9 /* Debug */,
				1EDBDCA31CEF42D4003587F9 /* Release */,
			);
			defaultConfigurationIsVisible = 0;
			defaultConfigurationName = Release;
		};
/* End XCConfigurationList section */
	};
	rootObject = 1EDBDC821CEF42D3003587F9 /* Project object */;
}
